
Microsoft Visual Studio Solution File, Format Version 12.00
# Visual Studio Version 17
VisualStudioVersion = 17.3.32819.101
MinimumVisualStudioVersion = 10.0.40219.1
Project("{8BC9CEB8-8B4A-11D0-8D11-00A0C91BC942}") = "2565", "2565\2565.vcxproj", "{FD1C3EDC-0C3A-4E23-ADCE-D14F2123C370}"
EndProject
Global
	GlobalSection(SolutionConfigurationPlatforms) = preSolution
		Debug|x64 = Debug|x64
		Debug|x86 = Debug|x86
		Release|x64 = Release|x64
		Release|x86 = Release|x86
	EndGlobalSection
	GlobalSection(ProjectConfigurationPlatforms) = postSolution
		{FD1C3EDC-0C3A-4E23-ADCE-D14F2123C370}.Debug|x64.ActiveCfg = Debug|x64
		{FD1C3EDC-0C3A-4E23-ADCE-D14F2123C370}.Debug|x64.Build.0 = Debug|x64
		{FD1C3EDC-0C3A-4E23-ADCE-D14F2123C370}.Debug|x86.ActiveCfg = Debug|Win32
		{FD1C3EDC-0C3A-4E23-ADCE-D14F2123C370}.Debug|x86.Build.0 = Debug|Win32
		{FD1C3EDC-0C3A-4E23-ADCE-D14F2123C370}.Release|x64.ActiveCfg = Release|x64
		{FD1C3EDC-0C3A-4E23-ADCE-D14F2123C370}.Release|x64.Build.0 = Release|x64
		{FD1C3EDC-0C3A-4E23-ADCE-D14F2123C370}.Release|x86.ActiveCfg = Release|Win32
		{FD1C3EDC-0C3A-4E23-ADCE-D14F2123C370}.Release|x86.Build.0 = Release|Win32
	EndGlobalSection
	GlobalSection(SolutionProperties) = preSolution
		HideSolutionNode = FALSE
	EndGlobalSection
	GlobalSection(ExtensibilityGlobals) = postSolution
		SolutionGuid = {210BEB57-FF95-425E-9A27-E241E9521587}
	EndGlobalSection
EndGlobal
